// !$*UTF8*$!
{
	archiveVersion = 1;
	classes = {
	};
	objectVersion = 46;
	objects = {

/* Begin PBXBuildFile section */
		892BCE871C0C5145008F84A3 /* UIView+NFLayout.m in Sources */ = {isa = PBXBuildFile; fileRef = 892BCE861C0C5145008F84A3 /* UIView+NFLayout.m */; };
		89335F651AEDFEE800BC444B /* main.m in Sources */ = {isa = PBXBuildFile; fileRef = 89335F641AEDFEE800BC444B /* main.m */; };
		89335F681AEDFEE800BC444B /* AppDelegate.m in Sources */ = {isa = PBXBuildFile; fileRef = 89335F671AEDFEE800BC444B /* AppDelegate.m */; };
		89335F6E1AEDFEE800BC444B /* Main.storyboard in Resources */ = {isa = PBXBuildFile; fileRef = 89335F6C1AEDFEE800BC444B /* Main.storyboard */; };
		89335F701AEDFEE800BC444B /* Images.xcassets in Resources */ = {isa = PBXBuildFile; fileRef = 89335F6F1AEDFEE800BC444B /* Images.xcassets */; };
		89335F731AEDFEE800BC444B /* LaunchScreen.xib in Resources */ = {isa = PBXBuildFile; fileRef = 89335F711AEDFEE800BC444B /* LaunchScreen.xib */; };
		89335F7F1AEDFEE800BC444B /* CoreNewFeatureVCTests.m in Sources */ = {isa = PBXBuildFile; fileRef = 89335F7E1AEDFEE800BC444B /* CoreNewFeatureVCTests.m */; };
		89335F8E1AEDFF5300BC444B /* CoreNewFeatureVC.m in Sources */ = {isa = PBXBuildFile; fileRef = 89335F8D1AEDFF5300BC444B /* CoreNewFeatureVC.m */; };
		89335F911AEDFF8000BC444B /* NewFeatureModel.m in Sources */ = {isa = PBXBuildFile; fileRef = 89335F901AEDFF8000BC444B /* NewFeatureModel.m */; };
		89335FBD1AEE022C00BC444B /* NewFeatureScrollView.m in Sources */ = {isa = PBXBuildFile; fileRef = 89335FBC1AEE022C00BC444B /* NewFeatureScrollView.m */; };
		89335FC01AEE057C00BC444B /* NewFeatureImageV.m in Sources */ = {isa = PBXBuildFile; fileRef = 89335FBF1AEE057C00BC444B /* NewFeatureImageV.m */; };
		89335FC51AEE0AD200BC444B /* UIApplication+Extend.m in Sources */ = {isa = PBXBuildFile; fileRef = 89335FC41AEE0AD200BC444B /* UIApplication+Extend.m */; };
		896030911B0191E2009ACD03 /* 1.gif in Resources */ = {isa = PBXBuildFile; fileRef = 896030901B0191E2009ACD03 /* 1.gif */; };
/* End PBXBuildFile section */

/* Begin PBXContainerItemProxy section */
		89335F791AEDFEE800BC444B /* PBXContainerItemProxy */ = {
			isa = PBXContainerItemProxy;
			containerPortal = 89335F571AEDFEE800BC444B /* Project object */;
			proxyType = 1;
			remoteGlobalIDString = 89335F5E1AEDFEE800BC444B;
			remoteInfo = CoreNewFeatureVC;
		};
/* End PBXContainerItemProxy section */

/* Begin PBXFileReference section */
		892BCE851C0C5145008F84A3 /* UIView+NFLayout.h */ = {isa = PBXFileReference; fileEncoding = 4; lastKnownFileType = sourcecode.c.h; path = "UIView+NFLayout.h"; sourceTree = "<group>"; };
		892BCE861C0C5145008F84A3 /* UIView+NFLayout.m */ = {isa = PBXFileReference; fileEncoding = 4; lastKnownFileType = sourcecode.c.objc; path = "UIView+NFLayout.m"; sourceTree = "<group>"; };
		89335F5F1AEDFEE800BC444B /* CoreNewFeatureVC.app */ = {isa = PBXFileReference; explicitFileType = wrapper.application; includeInIndex = 0; path = CoreNewFeatureVC.app; sourceTree = BUILT_PRODUCTS_DIR; };
		89335F631AEDFEE800BC444B /* Info.plist */ = {isa = PBXFileReference; lastKnownFileType = text.plist.xml; path = Info.plist; sourceTree = "<group>"; };
		89335F641AEDFEE800BC444B /* main.m */ = {isa = PBXFileReference; lastKnownFileType = sourcecode.c.objc; path = main.m; sourceTree = "<group>"; };
		89335F661AEDFEE800BC444B /* AppDelegate.h */ = {isa = PBXFileReference; lastKnownFileType = sourcecode.c.h; path = AppDelegate.h; sourceTree = "<group>"; };
		89335F671AEDFEE800BC444B /* AppDelegate.m */ = {isa = PBXFileReference; lastKnownFileType = sourcecode.c.objc; path = AppDelegate.m; sourceTree = "<group>"; };
		89335F6D1AEDFEE800BC444B /* Base */ = {isa = PBXFileReference; lastKnownFileType = file.storyboard; name = Base; path = Base.lproj/Main.storyboard; sourceTree = "<group>"; };
		89335F6F1AEDFEE800BC444B /* Images.xcassets */ = {isa = PBXFileReference; lastKnownFileType = folder.assetcatalog; path = Images.xcassets; sourceTree = "<group>"; };
		89335F721AEDFEE800BC444B /* Base */ = {isa = PBXFileReference; lastKnownFileType = file.xib; name = Base; path = Base.lproj/LaunchScreen.xib; sourceTree = "<group>"; };
		89335F781AEDFEE800BC444B /* CoreNewFeatureVCTests.xctest */ = {isa = PBXFileReference; explicitFileType = wrapper.cfbundle; includeInIndex = 0; path = CoreNewFeatureVCTests.xctest; sourceTree = BUILT_PRODUCTS_DIR; };
		89335F7D1AEDFEE800BC444B /* Info.plist */ = {isa = PBXFileReference; lastKnownFileType = text.plist.xml; path = Info.plist; sourceTree = "<group>"; };
		89335F7E1AEDFEE800BC444B /* CoreNewFeatureVCTests.m */ = {isa = PBXFileReference; lastKnownFileType = sourcecode.c.objc; path = CoreNewFeatureVCTests.m; sourceTree = "<group>"; };
		89335F8C1AEDFF5300BC444B /* CoreNewFeatureVC.h */ = {isa = PBXFileReference; fileEncoding = 4; lastKnownFileType = sourcecode.c.h; path = CoreNewFeatureVC.h; sourceTree = "<group>"; };
		89335F8D1AEDFF5300BC444B /* CoreNewFeatureVC.m */ = {isa = PBXFileReference; fileEncoding = 4; lastKnownFileType = sourcecode.c.objc; path = CoreNewFeatureVC.m; sourceTree = "<group>"; };
		89335F8F1AEDFF8000BC444B /* NewFeatureModel.h */ = {isa = PBXFileReference; fileEncoding = 4; lastKnownFileType = sourcecode.c.h; path = NewFeatureModel.h; sourceTree = "<group>"; };
		89335F901AEDFF8000BC444B /* NewFeatureModel.m */ = {isa = PBXFileReference; fileEncoding = 4; lastKnownFileType = sourcecode.c.objc; path = NewFeatureModel.m; sourceTree = "<group>"; };
		89335FBB1AEE022C00BC444B /* NewFeatureScrollView.h */ = {isa = PBXFileReference; fileEncoding = 4; lastKnownFileType = sourcecode.c.h; path = NewFeatureScrollView.h; sourceTree = "<group>"; };
		89335FBC1AEE022C00BC444B /* NewFeatureScrollView.m */ = {isa = PBXFileReference; fileEncoding = 4; lastKnownFileType = sourcecode.c.objc; path = NewFeatureScrollView.m; sourceTree = "<group>"; };
		89335FBE1AEE057C00BC444B /* NewFeatureImageV.h */ = {isa = PBXFileReference; fileEncoding = 4; lastKnownFileType = sourcecode.c.h; path = NewFeatureImageV.h; sourceTree = "<group>"; };
		89335FBF1AEE057C00BC444B /* NewFeatureImageV.m */ = {isa = PBXFileReference; fileEncoding = 4; lastKnownFileType = sourcecode.c.objc; path = NewFeatureImageV.m; sourceTree = "<group>"; };
		89335FC31AEE0AD200BC444B /* UIApplication+Extend.h */ = {isa = PBXFileReference; fileEncoding = 4; lastKnownFileType = sourcecode.c.h; path = "UIApplication+Extend.h"; sourceTree = "<group>"; };
		89335FC41AEE0AD200BC444B /* UIApplication+Extend.m */ = {isa = PBXFileReference; fileEncoding = 4; lastKnownFileType = sourcecode.c.objc; path = "UIApplication+Extend.m"; sourceTree = "<group>"; };
		896030901B0191E2009ACD03 /* 1.gif */ = {isa = PBXFileReference; lastKnownFileType = image.gif; path = 1.gif; sourceTree = "<group>"; };
/* End PBXFileReference section */

/* Begin PBXFrameworksBuildPhase section */
		89335F5C1AEDFEE800BC444B /* Frameworks */ = {
			isa = PBXFrameworksBuildPhase;
			buildActionMask = 2147483647;
			files = (
			);
			runOnlyForDeploymentPostprocessing = 0;
		};
		89335F751AEDFEE800BC444B /* Frameworks */ = {
			isa = PBXFrameworksBuildPhase;
			buildActionMask = 2147483647;
			files = (
			);
			runOnlyForDeploymentPostprocessing = 0;
		};
/* End PBXFrameworksBuildPhase section */

/* Begin PBXGroup section */
		89335F561AEDFEE800BC444B = {
			isa = PBXGroup;
			children = (
				89335F611AEDFEE800BC444B /* CoreNewFeatureVC */,
				89335F7B1AEDFEE800BC444B /* CoreNewFeatureVCTests */,
				89335F601AEDFEE800BC444B /* Products */,
			);
			sourceTree = "<group>";
		};
		89335F601AEDFEE800BC444B /* Products */ = {
			isa = PBXGroup;
			children = (
				89335F5F1AEDFEE800BC444B /* CoreNewFeatureVC.app */,
				89335F781AEDFEE800BC444B /* CoreNewFeatureVCTests.xctest */,
			);
			name = Products;
			sourceTree = "<group>";
		};
		89335F611AEDFEE800BC444B /* CoreNewFeatureVC */ = {
			isa = PBXGroup;
			children = (
				89335F881AEDFF2000BC444B /* CoreNewFeatureVC */,
				89335F661AEDFEE800BC444B /* AppDelegate.h */,
				89335F671AEDFEE800BC444B /* AppDelegate.m */,
				89335F6C1AEDFEE800BC444B /* Main.storyboard */,
				89335F6F1AEDFEE800BC444B /* Images.xcassets */,
				89335F711AEDFEE800BC444B /* LaunchScreen.xib */,
				89335F621AEDFEE800BC444B /* Supporting Files */,
			);
			path = CoreNewFeatureVC;
			sourceTree = "<group>";
		};
		89335F621AEDFEE800BC444B /* Supporting Files */ = {
			isa = PBXGroup;
			children = (
				896030901B0191E2009ACD03 /* 1.gif */,
				89335F631AEDFEE800BC444B /* Info.plist */,
				89335F641AEDFEE800BC444B /* main.m */,
			);
			name = "Supporting Files";
			sourceTree = "<group>";
		};
		89335F7B1AEDFEE800BC444B /* CoreNewFeatureVCTests */ = {
			isa = PBXGroup;
			children = (
				89335F7E1AEDFEE800BC444B /* CoreNewFeatureVCTests.m */,
				89335F7C1AEDFEE800BC444B /* Supporting Files */,
			);
			path = CoreNewFeatureVCTests;
			sourceTree = "<group>";
		};
		89335F7C1AEDFEE800BC444B /* Supporting Files */ = {
			isa = PBXGroup;
			children = (
				89335F7D1AEDFEE800BC444B /* Info.plist */,
			);
			name = "Supporting Files";
			sourceTree = "<group>";
		};
		89335F881AEDFF2000BC444B /* CoreNewFeatureVC */ = {
			isa = PBXGroup;
			children = (
				89335FC11AEE0A9300BC444B /* Category */,
				89335F891AEDFF2000BC444B /* Controller */,
				89335F8A1AEDFF2000BC444B /* Model */,
				89335F8B1AEDFF2000BC444B /* View */,
				89335F8C1AEDFF5300BC444B /* CoreNewFeatureVC.h */,
				89335F8D1AEDFF5300BC444B /* CoreNewFeatureVC.m */,
			);
			path = CoreNewFeatureVC;
			sourceTree = "<group>";
		};
		89335F891AEDFF2000BC444B /* Controller */ = {
			isa = PBXGroup;
			children = (
			);
			path = Controller;
			sourceTree = "<group>";
		};
		89335F8A1AEDFF2000BC444B /* Model */ = {
			isa = PBXGroup;
			children = (
				89335F8F1AEDFF8000BC444B /* NewFeatureModel.h */,
				89335F901AEDFF8000BC444B /* NewFeatureModel.m */,
			);
			path = Model;
			sourceTree = "<group>";
		};
		89335F8B1AEDFF2000BC444B /* View */ = {
			isa = PBXGroup;
			children = (
				89335FBB1AEE022C00BC444B /* NewFeatureScrollView.h */,
				89335FBC1AEE022C00BC444B /* NewFeatureScrollView.m */,
				89335FBE1AEE057C00BC444B /* NewFeatureImageV.h */,
				89335FBF1AEE057C00BC444B /* NewFeatureImageV.m */,
			);
			path = View;
			sourceTree = "<group>";
		};
		89335FC11AEE0A9300BC444B /* Category */ = {
			isa = PBXGroup;
			children = (
				892BCE851C0C5145008F84A3 /* UIView+NFLayout.h */,
				892BCE861C0C5145008F84A3 /* UIView+NFLayout.m */,
				89335FC21AEE0AD200BC444B /* UIApplication */,
			);
			path = Category;
			sourceTree = "<group>";
		};
		89335FC21AEE0AD200BC444B /* UIApplication */ = {
			isa = PBXGroup;
			children = (
				89335FC31AEE0AD200BC444B /* UIApplication+Extend.h */,
				89335FC41AEE0AD200BC444B /* UIApplication+Extend.m */,
			);
			path = UIApplication;
			sourceTree = "<group>";
		};
/* End PBXGroup section */

/* Begin PBXNativeTarget section */
		89335F5E1AEDFEE800BC444B /* CoreNewFeatureVC */ = {
			isa = PBXNativeTarget;
			buildConfigurationList = 89335F821AEDFEE800BC444B /* Build configuration list for PBXNativeTarget "CoreNewFeatureVC" */;
			buildPhases = (
				89335F5B1AEDFEE800BC444B /* Sources */,
				89335F5C1AEDFEE800BC444B /* Frameworks */,
				89335F5D1AEDFEE800BC444B /* Resources */,
			);
			buildRules = (
			);
			dependencies = (
			);
			name = CoreNewFeatureVC;
			productName = CoreNewFeatureVC;
			productReference = 89335F5F1AEDFEE800BC444B /* CoreNewFeatureVC.app */;
			productType = "com.apple.product-type.application";
		};
		89335F771AEDFEE800BC444B /* CoreNewFeatureVCTests */ = {
			isa = PBXNativeTarget;
			buildConfigurationList = 89335F851AEDFEE800BC444B /* Build configuration list for PBXNativeTarget "CoreNewFeatureVCTests" */;
			buildPhases = (
				89335F741AEDFEE800BC444B /* Sources */,
				89335F751AEDFEE800BC444B /* Frameworks */,
				89335F761AEDFEE800BC444B /* Resources */,
			);
			buildRules = (
			);
			dependencies = (
				89335F7A1AEDFEE800BC444B /* PBXTargetDependency */,
			);
			name = CoreNewFeatureVCTests;
			productName = CoreNewFeatureVCTests;
			productReference = 89335F781AEDFEE800BC444B /* CoreNewFeatureVCTests.xctest */;
			productType = "com.apple.product-type.bundle.unit-test";
		};
/* End PBXNativeTarget section */

/* Begin PBXProject section */
		89335F571AEDFEE800BC444B /* Project object */ = {
			isa = PBXProject;
			attributes = {
				LastUpgradeCheck = 0630;
				ORGANIZATIONNAME = "冯成林";
				TargetAttributes = {
					89335F5E1AEDFEE800BC444B = {
						CreatedOnToolsVersion = 6.3;
					};
					89335F771AEDFEE800BC444B = {
						CreatedOnToolsVersion = 6.3;
						TestTargetID = 89335F5E1AEDFEE800BC444B;
					};
				};
			};
			buildConfigurationList = 89335F5A1AEDFEE800BC444B /* Build configuration list for PBXProject "CoreNewFeatureVC" */;
			compatibilityVersion = "Xcode 3.2";
			developmentRegion = English;
			hasScannedForEncodings = 0;
			knownRegions = (
				en,
				Base,
			);
			mainGroup = 89335F561AEDFEE800BC444B;
			productRefGroup = 89335F601AEDFEE800BC444B /* Products */;
			projectDirPath = "";
			projectRoot = "";
			targets = (
				89335F5E1AEDFEE800BC444B /* CoreNewFeatureVC */,
				89335F771AEDFEE800BC444B /* CoreNewFeatureVCTests */,
			);
		};
/* End PBXProject section */

/* Begin PBXResourcesBuildPhase section */
		89335F5D1AEDFEE800BC444B /* Resources */ = {
			isa = PBXResourcesBuildPhase;
			buildActionMask = 2147483647;
			files = (
				89335F6E1AEDFEE800BC444B /* Main.storyboard in Resources */,
				89335F731AEDFEE800BC444B /* LaunchScreen.xib in Resources */,
				896030911B0191E2009ACD03 /* 1.gif in Resources */,
				89335F701AEDFEE800BC444B /* Images.xcassets in Resources */,
			);
			runOnlyForDeploymentPostprocessing = 0;
		};
		89335F761AEDFEE800BC444B /* Resources */ = {
			isa = PBXResourcesBuildPhase;
			buildActionMask = 2147483647;
			files = (
			);
			runOnlyForDeploymentPostprocessing = 0;
		};
/* End PBXResourcesBuildPhase section */

/* Begin PBXSourcesBuildPhase section */
		89335F5B1AEDFEE800BC444B /* Sources */ = {
			isa = PBXSourcesBuildPhase;
			buildActionMask = 2147483647;
			files = (
				89335FBD1AEE022C00BC444B /* NewFeatureScrollView.m in Sources */,
				892BCE871C0C5145008F84A3 /* UIView+NFLayout.m in Sources */,
				89335F8E1AEDFF5300BC444B /* CoreNewFeatureVC.m in Sources */,
				89335F681AEDFEE800BC444B /* AppDelegate.m in Sources */,
				89335F911AEDFF8000BC444B /* NewFeatureModel.m in Sources */,
				89335FC01AEE057C00BC444B /* NewFeatureImageV.m in Sources */,
				89335F651AEDFEE800BC444B /* main.m in Sources */,
				89335FC51AEE0AD200BC444B /* UIApplication+Extend.m in Sources */,
			);
			runOnlyForDeploymentPostprocessing = 0;
		};
		89335F741AEDFEE800BC444B /* Sources */ = {
			isa = PBXSourcesBuildPhase;
			buildActionMask = 2147483647;
			files = (
				89335F7F1AEDFEE800BC444B /* CoreNewFeatureVCTests.m in Sources */,
			);
			runOnlyForDeploymentPostprocessing = 0;
		};
/* End PBXSourcesBuildPhase section */

/* Begin PBXTargetDependency section */
		89335F7A1AEDFEE800BC444B /* PBXTargetDependency */ = {
			isa = PBXTargetDependency;
			target = 89335F5E1AEDFEE800BC444B /* CoreNewFeatureVC */;
			targetProxy = 89335F791AEDFEE800BC444B /* PBXContainerItemProxy */;
		};
/* End PBXTargetDependency section */

/* Begin PBXVariantGroup section */
		89335F6C1AEDFEE800BC444B /* Main.storyboard */ = {
			isa = PBXVariantGroup;
			children = (
				89335F6D1AEDFEE800BC444B /* Base */,
			);
			name = Main.storyboard;
			sourceTree = "<group>";
		};
		89335F711AEDFEE800BC444B /* LaunchScreen.xib */ = {
			isa = PBXVariantGroup;
			children = (
				89335F721AEDFEE800BC444B /* Base */,
			);
			name = LaunchScreen.xib;
			sourceTree = "<group>";
		};
/* End PBXVariantGroup section */

/* Begin XCBuildConfiguration section */
		89335F801AEDFEE800BC444B /* Debug */ = {
			isa = XCBuildConfiguration;
			buildSettings = {
				ALWAYS_SEARCH_USER_PATHS = NO;
				CLANG_CXX_LANGUAGE_STANDARD = "gnu++0x";
				CLANG_CXX_LIBRARY = "libc++";
				CLANG_ENABLE_MODULES = YES;
				CLANG_ENABLE_OBJC_ARC = YES;
				CLANG_WARN_BOOL_CONVERSION = YES;
				CLANG_WARN_CONSTANT_CONVERSION = YES;
				CLANG_WARN_DIRECT_OBJC_ISA_USAGE = YES_ERROR;
				CLANG_WARN_EMPTY_BODY = YES;
				CLANG_WARN_ENUM_CONVERSION = YES;
				CLANG_WARN_INT_CONVERSION = YES;
				CLANG_WARN_OBJC_ROOT_CLASS = YES_ERROR;
				CLANG_WARN_UNREACHABLE_CODE = YES;
				CLANG_WARN__DUPLICATE_METHOD_MATCH = YES;
				"CODE_SIGN_IDENTITY[sdk=iphoneos*]" = "iPhone Developer";
				COPY_PHASE_STRIP = NO;
				DEBUG_INFORMATION_FORMAT = "dwarf-with-dsym";
				ENABLE_STRICT_OBJC_MSGSEND = YES;
				GCC_C_LANGUAGE_STANDARD = gnu99;
				GCC_DYNAMIC_NO_PIC = NO;
				GCC_NO_COMMON_BLOCKS = YES;
				GCC_OPTIMIZATION_LEVEL = 0;
				GCC_PREPROCESSOR_DEFINITIONS = (
					"DEBUG=1",
					"$(inherited)",
				);
				GCC_SYMBOLS_PRIVATE_EXTERN = NO;
				GCC_WARN_64_TO_32_BIT_CONVERSION = YES;
				GCC_WARN_ABOUT_RETURN_TYPE = YES_ERROR;
				GCC_WARN_UNDECLARED_SELECTOR = YES;
				GCC_WARN_UNINITIALIZED_AUTOS = YES_AGGRESSIVE;
				GCC_WARN_UNUSED_FUNCTION = YES;
				GCC_WARN_UNUSED_VARIABLE = YES;
				IPHONEOS_DEPLOYMENT_TARGET = 8.3;
				MTL_ENABLE_DEBUG_INFO = YES;
				ONLY_ACTIVE_ARCH = YES;
				SDKROOT = iphoneos;
			};
			name = Debug;
		};
		89335F811AEDFEE800BC444B /* Release */ = {
			isa = XCBuildConfiguration;
			buildSettings = {
				ALWAYS_SEARCH_USER_PATHS = NO;
				CLANG_CXX_LANGUAGE_STANDARD = "gnu++0x";
				CLANG_CXX_LIBRARY = "libc++";
				CLANG_ENABLE_MODULES = YES;
				CLANG_ENABLE_OBJC_ARC = YES;
				CLANG_WARN_BOOL_CONVERSION = YES;
				CLANG_WARN_CONSTANT_CONVERSION = YES;
				CLANG_WARN_DIRECT_OBJC_ISA_USAGE = YES_ERROR;
				CLANG_WARN_EMPTY_BODY = YES;
				CLANG_WARN_ENUM_CONVERSION = YES;
				CLANG_WARN_INT_CONVERSION = YES;
				CLANG_WARN_OBJC_ROOT_CLASS = YES_ERROR;
				CLANG_WARN_UNREACHABLE_CODE = YES;
				CLANG_WARN__DUPLICATE_METHOD_MATCH = YES;
				"CODE_SIGN_IDENTITY[sdk=iphoneos*]" = "iPhone Developer";
				COPY_PHASE_STRIP = NO;
				DEBUG_INFORMATION_FORMAT = "dwarf-with-dsym";
				ENABLE_NS_ASSERTIONS = NO;
				ENABLE_STRICT_OBJC_MSGSEND = YES;
				GCC_C_LANGUAGE_STANDARD = gnu99;
				GCC_NO_COMMON_BLOCKS = YES;
				GCC_WARN_64_TO_32_BIT_CONVERSION = YES;
				GCC_WARN_ABOUT_RETURN_TYPE = YES_ERROR;
				GCC_WARN_UNDECLARED_SELECTOR = YES;
				GCC_WARN_UNINITIALIZED_AUTOS = YES_AGGRESSIVE;
				GCC_WARN_UNUSED_FUNCTION = YES;
				GCC_WARN_UNUSED_VARIABLE = YES;
				IPHONEOS_DEPLOYMENT_TARGET = 8.3;
				MTL_ENABLE_DEBUG_INFO = NO;
				SDKROOT = iphoneos;
				VALIDATE_PRODUCT = YES;
			};
			name = Release;
		};
		89335F831AEDFEE800BC444B /* Debug */ = {
			isa = XCBuildConfiguration;
			buildSettings = {
				ASSETCATALOG_COMPILER_APPICON_NAME = AppIcon;
				ASSETCATALOG_COMPILER_LAUNCHIMAGE_NAME = LaunchImage;
				INFOPLIST_FILE = CoreNewFeatureVC/Info.plist;
				IPHONEOS_DEPLOYMENT_TARGET = 7.0;
				LD_RUNPATH_SEARCH_PATHS = "$(inherited) @executable_path/Frameworks";
				PRODUCT_NAME = "$(TARGET_NAME)";
			};
			name = Debug;
		};
		89335F841AEDFEE800BC444B /* Release */ = {
			isa = XCBuildConfiguration;
			buildSettings = {
				ASSETCATALOG_COMPILER_APPICON_NAME = AppIcon;
				ASSETCATALOG_COMPILER_LAUNCHIMAGE_NAME = LaunchImage;
				INFOPLIST_FILE = CoreNewFeatureVC/Info.plist;
				IPHONEOS_DEPLOYMENT_TARGET = 7.0;
				LD_RUNPATH_SEARCH_PATHS = "$(inherited) @executable_path/Frameworks";
				PRODUCT_NAME = "$(TARGET_NAME)";
			};
			name = Release;
		};
		89335F861AEDFEE800BC444B /* Debug */ = {
			isa = XCBuildConfiguration;
			buildSettings = {
				BUNDLE_LOADER = "$(TEST_HOST)";
				FRAMEWORK_SEARCH_PATHS = (
					"$(SDKROOT)/Developer/Library/Frameworks",
					"$(inherited)",
				);
				GCC_PREPROCESSOR_DEFINITIONS = (
					"DEBUG=1",
					"$(inherited)",
				);
				INFOPLIST_FILE = CoreNewFeatureVCTests/Info.plist;
				LD_RUNPATH_SEARCH_PATHS = "$(inherited) @executable_path/Frameworks @loader_path/Frameworks";
				PRODUCT_NAME = "$(TARGET_NAME)";
				TEST_HOST = "$(BUILT_PRODUCTS_DIR)/CoreNewFeatureVC.app/CoreNewFeatureVC";
			};
			name = Debug;
		};
		89335F871AEDFEE800BC444B /* Release */ = {
			isa = XCBuildConfiguration;
			buildSettings = {
				BUNDLE_LOADER = "$(TEST_HOST)";
				FRAMEWORK_SEARCH_PATHS = (
					"$(SDKROOT)/Developer/Library/Frameworks",
					"$(inherited)",
				);
				INFOPLIST_FILE = CoreNewFeatureVCTests/Info.plist;
				LD_RUNPATH_SEARCH_PATHS = "$(inherited) @executable_path/Frameworks @loader_path/Frameworks";
				PRODUCT_NAME = "$(TARGET_NAME)";
				TEST_HOST = "$(BUILT_PRODUCTS_DIR)/CoreNewFeatureVC.app/CoreNewFeatureVC";
			};
			name = Release;
		};
/* End XCBuildConfiguration section */

/* Begin XCConfigurationList section */
		89335F5A1AEDFEE800BC444B /* Build configuration list for PBXProject "CoreNewFeatureVC" */ = {
			isa = XCConfigurationList;
			buildConfigurations = (
				89335F801AEDFEE800BC444B /* Debug */,
				89335F811AEDFEE800BC444B /* Release */,
			);
			defaultConfigurationIsVisible = 0;
			defaultConfigurationName = Release;
		};
		89335F821AEDFEE800BC444B /* Build configuration list for PBXNativeTarget "CoreNewFeatureVC" */ = {
			isa = XCConfigurationList;
			buildConfigurations = (
				89335F831AEDFEE800BC444B /* Debug */,
				89335F841AEDFEE800BC444B /* Release */,
			);
			defaultConfigurationIsVisible = 0;
			defaultConfigurationName = Release;
		};
		89335F851AEDFEE800BC444B /* Build configuration list for PBXNativeTarget "CoreNewFeatureVCTests" */ = {
			isa = XCConfigurationList;
			buildConfigurations = (
				89335F861AEDFEE800BC444B /* Debug */,
				89335F871AEDFEE800BC444B /* Release */,
			);
			defaultConfigurationIsVisible = 0;
			defaultConfigurationName = Release;
		};
/* End XCConfigurationList section */
	};
	rootObject = 89335F571AEDFEE800BC444B /* Project object */;
}
